// !$*UTF8*$!
{
	archiveVersion = 1;
	classes = {
	};
	objectVersion = 56;
	objects = {

/* Begin PBXBuildFile section */
		046B77062AE8B99400E1CC48 /* MyViewController.swift in Sources */ = {isa = PBXBuildFile; fileRef = 046B77052AE8B99400E1CC48 /* MyViewController.swift */; };
		046B77082AE8BB3700E1CC48 /* ImageController.swift in Sources */ = {isa = PBXBuildFile; fileRef = 046B77072AE8BB3700E1CC48 /* ImageController.swift */; };
		046B770B2AE8C6C200E1CC48 /* NavigationStackView.swift in Sources */ = {isa = PBXBuildFile; fileRef = 046B770A2AE8C6C200E1CC48 /* NavigationStackView.swift */; };
		048440092AE7AB4400A19AA8 /* Learning_UIApp.swift in Sources */ = {isa = PBXBuildFile; fileRef = 048440082AE7AB4400A19AA8 /* Learning_UIApp.swift */; };
		0484400B2AE7AB4400A19AA8 /* FrameworkView.swift in Sources */ = {isa = PBXBuildFile; fileRef = 0484400A2AE7AB4400A19AA8 /* FrameworkView.swift */; };
		0484400D2AE7AB4600A19AA8 /* Assets.xcassets in Resources */ = {isa = PBXBuildFile; fileRef = 0484400C2AE7AB4600A19AA8 /* Assets.xcassets */; };
		048440102AE7AB4600A19AA8 /* Preview Assets.xcassets in Resources */ = {isa = PBXBuildFile; fileRef = 0484400F2AE7AB4600A19AA8 /* Preview Assets.xcassets */; };
		048440172AE7B21800A19AA8 /* LazyVGridView.swift in Sources */ = {isa = PBXBuildFile; fileRef = 048440162AE7B21800A19AA8 /* LazyVGridView.swift */; };
		0484401A2AE7BB6800A19AA8 /* MockData.swift in Sources */ = {isa = PBXBuildFile; fileRef = 048440192AE7BB6800A19AA8 /* MockData.swift */; };
		0484401F2AE7CA3E00A19AA8 /* FrameworkDetailView.swift in Sources */ = {isa = PBXBuildFile; fileRef = 0484401E2AE7CA3E00A19AA8 /* FrameworkDetailView.swift */; };
		048440212AE7D03200A19AA8 /* Extensions.swift in Sources */ = {isa = PBXBuildFile; fileRef = 048440202AE7D03200A19AA8 /* Extensions.swift */; };
		048440232AE8AAF100A19AA8 /* FrameworkViewModel.swift in Sources */ = {isa = PBXBuildFile; fileRef = 048440222AE8AAF100A19AA8 /* FrameworkViewModel.swift */; };
/* End PBXBuildFile section */

/* Begin PBXFileReference section */
		046B77052AE8B99400E1CC48 /* MyViewController.swift */ = {isa = PBXFileReference; lastKnownFileType = sourcecode.swift; path = MyViewController.swift; sourceTree = "<group>"; };
		046B77072AE8BB3700E1CC48 /* ImageController.swift */ = {isa = PBXFileReference; lastKnownFileType = sourcecode.swift; path = ImageController.swift; sourceTree = "<group>"; };
		046B770A2AE8C6C200E1CC48 /* NavigationStackView.swift */ = {isa = PBXFileReference; lastKnownFileType = sourcecode.swift; path = NavigationStackView.swift; sourceTree = "<group>"; };
		048440052AE7AB4400A19AA8 /* Learning-UI.app */ = {isa = PBXFileReference; explicitFileType = wrapper.application; includeInIndex = 0; path = "Learning-UI.app"; sourceTree = BUILT_PRODUCTS_DIR; };
		048440082AE7AB4400A19AA8 /* Learning_UIApp.swift */ = {isa = PBXFileReference; lastKnownFileType = sourcecode.swift; path = Learning_UIApp.swift; sourceTree = "<group>"; };
		0484400A2AE7AB4400A19AA8 /* FrameworkView.swift */ = {isa = PBXFileReference; lastKnownFileType = sourcecode.swift; path = FrameworkView.swift; sourceTree = "<group>"; };
		0484400C2AE7AB4600A19AA8 /* Assets.xcassets */ = {isa = PBXFileReference; lastKnownFileType = folder.assetcatalog; path = Assets.xcassets; sourceTree = "<group>"; };
		0484400F2AE7AB4600A19AA8 /* Preview Assets.xcassets */ = {isa = PBXFileReference; lastKnownFileType = folder.assetcatalog; path = "Preview Assets.xcassets"; sourceTree = "<group>"; };
		048440162AE7B21800A19AA8 /* LazyVGridView.swift */ = {isa = PBXFileReference; lastKnownFileType = sourcecode.swift; path = LazyVGridView.swift; sourceTree = "<group>"; };
		048440192AE7BB6800A19AA8 /* MockData.swift */ = {isa = PBXFileReference; lastKnownFileType = sourcecode.swift; path = MockData.swift; sourceTree = "<group>"; };
		0484401E2AE7CA3E00A19AA8 /* FrameworkDetailView.swift */ = {isa = PBXFileReference; lastKnownFileType = sourcecode.swift; path = FrameworkDetailView.swift; sourceTree = "<group>"; };
		048440202AE7D03200A19AA8 /* Extensions.swift */ = {isa = PBXFileReference; lastKnownFileType = sourcecode.swift; path = Extensions.swift; sourceTree = "<group>"; };
		048440222AE8AAF100A19AA8 /* FrameworkViewModel.swift */ = {isa = PBXFileReference; lastKnownFileType = sourcecode.swift; path = FrameworkViewModel.swift; sourceTree = "<group>"; };
/* End PBXFileReference section */

/* Begin PBXFrameworksBuildPhase section */
		048440022AE7AB4400A19AA8 /* Frameworks */ = {
			isa = PBXFrameworksBuildPhase;
			buildActionMask = 2147483647;
			files = (
			);
			runOnlyForDeploymentPostprocessing = 0;
		};
/* End PBXFrameworksBuildPhase section */

/* Begin PBXGroup section */
		046B77092AE8C6B600E1CC48 /* Testing */ = {
			isa = PBXGroup;
			children = (
				046B770A2AE8C6C200E1CC48 /* NavigationStackView.swift */,
			);
			path = Testing;
			sourceTree = "<group>";
		};
		04843FFC2AE7AB4400A19AA8 = {
			isa = PBXGroup;
			children = (
				048440072AE7AB4400A19AA8 /* Learning-UI */,
				048440062AE7AB4400A19AA8 /* Products */,
			);
			sourceTree = "<group>";
		};
		048440062AE7AB4400A19AA8 /* Products */ = {
			isa = PBXGroup;
			children = (
				048440052AE7AB4400A19AA8 /* Learning-UI.app */,
			);
			name = Products;
			sourceTree = "<group>";
		};
		048440072AE7AB4400A19AA8 /* Learning-UI */ = {
			isa = PBXGroup;
			children = (
				046B77092AE8C6B600E1CC48 /* Testing */,
				0484401D2AE7C9F600A19AA8 /* FrameworkView */,
				048440182AE7BB6000A19AA8 /* Model */,
				048440082AE7AB4400A19AA8 /* Learning_UIApp.swift */,
				048440162AE7B21800A19AA8 /* LazyVGridView.swift */,
				0484400C2AE7AB4600A19AA8 /* Assets.xcassets */,
				0484400E2AE7AB4600A19AA8 /* Preview Content */,
			);
			path = "Learning-UI";
			sourceTree = "<group>";
		};
		0484400E2AE7AB4600A19AA8 /* Preview Content */ = {
			isa = PBXGroup;
			children = (
				0484400F2AE7AB4600A19AA8 /* Preview Assets.xcassets */,
			);
			path = "Preview Content";
			sourceTree = "<group>";
		};
		048440182AE7BB6000A19AA8 /* Model */ = {
			isa = PBXGroup;
			children = (
			);
			path = Model;
			sourceTree = "<group>";
		};
		0484401D2AE7C9F600A19AA8 /* FrameworkView */ = {
			isa = PBXGroup;
			children = (
				048440192AE7BB6800A19AA8 /* MockData.swift */,
				0484400A2AE7AB4400A19AA8 /* FrameworkView.swift */,
				0484401E2AE7CA3E00A19AA8 /* FrameworkDetailView.swift */,
				048440202AE7D03200A19AA8 /* Extensions.swift */,
				048440222AE8AAF100A19AA8 /* FrameworkViewModel.swift */,
				046B77052AE8B99400E1CC48 /* MyViewController.swift */,
				046B77072AE8BB3700E1CC48 /* ImageController.swift */,
			);
			path = FrameworkView;
			sourceTree = "<group>";
		};
/* End PBXGroup section */

/* Begin PBXNativeTarget section */
		048440042AE7AB4400A19AA8 /* Learning-UI */ = {
			isa = PBXNativeTarget;
			buildConfigurationList = 048440132AE7AB4600A19AA8 /* Build configuration list for PBXNativeTarget "Learning-UI" */;
			buildPhases = (
				048440012AE7AB4400A19AA8 /* Sources */,
				048440022AE7AB4400A19AA8 /* Frameworks */,
				048440032AE7AB4400A19AA8 /* Resources */,
			);
			buildRules = (
			);
			dependencies = (
			);
			name = "Learning-UI";
			productName = "Learning-UI";
			productReference = 048440052AE7AB4400A19AA8 /* Learning-UI.app */;
			productType = "com.apple.product-type.application";
		};
/* End PBXNativeTarget section */

/* Begin PBXProject section */
		04843FFD2AE7AB4400A19AA8 /* Project object */ = {
			isa = PBXProject;
			attributes = {
				BuildIndependentTargetsInParallel = 1;
				LastSwiftUpdateCheck = 1500;
				LastUpgradeCheck = 1500;
				TargetAttributes = {
					048440042AE7AB4400A19AA8 = {
						CreatedOnToolsVersion = 15.0.1;
					};
				};
			};
			buildConfigurationList = 048440002AE7AB4400A19AA8 /* Build configuration list for PBXProject "Learning-UI" */;
			compatibilityVersion = "Xcode 14.0";
			developmentRegion = en;
			hasScannedForEncodings = 0;
			knownRegions = (
				en,
				Base,
			);
			mainGroup = 04843FFC2AE7AB4400A19AA8;
			productRefGroup = 048440062AE7AB4400A19AA8 /* Products */;
			projectDirPath = "";
			projectRoot = "";
			targets = (
				048440042AE7AB4400A19AA8 /* Learning-UI */,
			);
		};
/* End PBXProject section */

/* Begin PBXResourcesBuildPhase section */
		048440032AE7AB4400A19AA8 /* Resources */ = {
			isa = PBXResourcesBuildPhase;
			buildActionMask = 2147483647;
			files = (
				048440102AE7AB4600A19AA8 /* Preview Assets.xcassets in Resources */,
				0484400D2AE7AB4600A19AA8 /* Assets.xcassets in Resources */,
			);
			runOnlyForDeploymentPostprocessing = 0;
		};
/* End PBXResourcesBuildPhase section */

/* Begin PBXSourcesBuildPhase section */
		048440012AE7AB4400A19AA8 /* Sources */ = {
			isa = PBXSourcesBuildPhase;
			buildActionMask = 2147483647;
			files = (
				046B77062AE8B99400E1CC48 /* MyViewController.swift in Sources */,
				048440172AE7B21800A19AA8 /* LazyVGridView.swift in Sources */,
				048440212AE7D03200A19AA8 /* Extensions.swift in Sources */,
				046B770B2AE8C6C200E1CC48 /* NavigationStackView.swift in Sources */,
				0484401F2AE7CA3E00A19AA8 /* FrameworkDetailView.swift in Sources */,
				048440232AE8AAF100A19AA8 /* FrameworkViewModel.swift in Sources */,
				046B77082AE8BB3700E1CC48 /* ImageController.swift in Sources */,
				0484401A2AE7BB6800A19AA8 /* MockData.swift in Sources */,
				0484400B2AE7AB4400A19AA8 /* FrameworkView.swift in Sources */,
				048440092AE7AB4400A19AA8 /* Learning_UIApp.swift in Sources */,
			);
			runOnlyForDeploymentPostprocessing = 0;
		};
/* End PBXSourcesBuildPhase section */

/* Begin XCBuildConfiguration section */
		048440112AE7AB4600A19AA8 /* Debug */ = {
			isa = XCBuildConfiguration;
			buildSettings = {
				ALWAYS_SEARCH_USER_PATHS = NO;
				ASSETCATALOG_COMPILER_GENERATE_SWIFT_ASSET_SYMBOL_EXTENSIONS = YES;
				CLANG_ANALYZER_NONNULL = YES;
				CLANG_ANALYZER_NUMBER_OBJECT_CONVERSION = YES_AGGRESSIVE;
				CLANG_CXX_LANGUAGE_STANDARD = "gnu++20";
				CLANG_ENABLE_MODULES = YES;
				CLANG_ENABLE_OBJC_ARC = YES;
				CLANG_ENABLE_OBJC_WEAK = YES;
				CLANG_WARN_BLOCK_CAPTURE_AUTORELEASING = YES;
				CLANG_WARN_BOOL_CONVERSION = YES;
				CLANG_WARN_COMMA = YES;
				CLANG_WARN_CONSTANT_CONVERSION = YES;
				CLANG_WARN_DEPRECATED_OBJC_IMPLEMENTATIONS = YES;
				CLANG_WARN_DIRECT_OBJC_ISA_USAGE = YES_ERROR;
				CLANG_WARN_DOCUMENTATION_COMMENTS = YES;
				CLANG_WARN_EMPTY_BODY = YES;
				CLANG_WARN_ENUM_CONVERSION = YES;
				CLANG_WARN_INFINITE_RECURSION = YES;
				CLANG_WARN_INT_CONVERSION = YES;
				CLANG_WARN_NON_LITERAL_NULL_CONVERSION = YES;
				CLANG_WARN_OBJC_IMPLICIT_RETAIN_SELF = YES;
				CLANG_WARN_OBJC_LITERAL_CONVERSION = YES;
				CLANG_WARN_OBJC_ROOT_CLASS = YES_ERROR;
				CLANG_WARN_QUOTED_INCLUDE_IN_FRAMEWORK_HEADER = YES;
				CLANG_WARN_RANGE_LOOP_ANALYSIS = YES;
				CLANG_WARN_STRICT_PROTOTYPES = YES;
				CLANG_WARN_SUSPICIOUS_MOVE = YES;
				CLANG_WARN_UNGUARDED_AVAILABILITY = YES_AGGRESSIVE;
				CLANG_WARN_UNREACHABLE_CODE = YES;
				CLANG_WARN__DUPLICATE_METHOD_MATCH = YES;
				COPY_PHASE_STRIP = NO;
				DEBUG_INFORMATION_FORMAT = dwarf;
				ENABLE_STRICT_OBJC_MSGSEND = YES;
				ENABLE_TESTABILITY = YES;
				ENABLE_USER_SCRIPT_SANDBOXING = YES;
				GCC_C_LANGUAGE_STANDARD = gnu17;
				GCC_DYNAMIC_NO_PIC = NO;
				GCC_NO_COMMON_BLOCKS = YES;
				GCC_OPTIMIZATION_LEVEL = 0;
				GCC_PREPROCESSOR_DEFINITIONS = (
					"DEBUG=1",
					"$(inherited)",
				);
				GCC_WARN_64_TO_32_BIT_CONVERSION = YES;
				GCC_WARN_ABOUT_RETURN_TYPE = YES_ERROR;
				GCC_WARN_UNDECLARED_SELECTOR = YES;
				GCC_WARN_UNINITIALIZED_AUTOS = YES_AGGRESSIVE;
				GCC_WARN_UNUSED_FUNCTION = YES;
				GCC_WARN_UNUSED_VARIABLE = YES;
				IPHONEOS_DEPLOYMENT_TARGET = 17.0;
				LOCALIZATION_PREFERS_STRING_CATALOGS = YES;
				MTL_ENABLE_DEBUG_INFO = INCLUDE_SOURCE;
				MTL_FAST_MATH = YES;
				ONLY_ACTIVE_ARCH = YES;
				SDKROOT = iphoneos;
				SWIFT_ACTIVE_COMPILATION_CONDITIONS = "DEBUG $(inherited)";
				SWIFT_OPTIMIZATION_LEVEL = "-Onone";
			};
			name = Debug;
		};
		048440122AE7AB4600A19AA8 /* Release */ = {
			isa = XCBuildConfiguration;
			buildSettings = {
				ALWAYS_SEARCH_USER_PATHS = NO;
				ASSETCATALOG_COMPILER_GENERATE_SWIFT_ASSET_SYMBOL_EXTENSIONS = YES;
				CLANG_ANALYZER_NONNULL = YES;
				CLANG_ANALYZER_NUMBER_OBJECT_CONVERSION = YES_AGGRESSIVE;
				CLANG_CXX_LANGUAGE_STANDARD = "gnu++20";
				CLANG_ENABLE_MODULES = YES;
				CLANG_ENABLE_OBJC_ARC = YES;
				CLANG_ENABLE_OBJC_WEAK = YES;
				CLANG_WARN_BLOCK_CAPTURE_AUTORELEASING = YES;
				CLANG_WARN_BOOL_CONVERSION = YES;
				CLANG_WARN_COMMA = YES;
				CLANG_WARN_CONSTANT_CONVERSION = YES;
				CLANG_WARN_DEPRECATED_OBJC_IMPLEMENTATIONS = YES;
				CLANG_WARN_DIRECT_OBJC_ISA_USAGE = YES_ERROR;
				CLANG_WARN_DOCUMENTATION_COMMENTS = YES;
				CLANG_WARN_EMPTY_BODY = YES;
				CLANG_WARN_ENUM_CONVERSION = YES;
				CLANG_WARN_INFINITE_RECURSION = YES;
				CLANG_WARN_INT_CONVERSION = YES;
				CLANG_WARN_NON_LITERAL_NULL_CONVERSION = YES;
				CLANG_WARN_OBJC_IMPLICIT_RETAIN_SELF = YES;
				CLANG_WARN_OBJC_LITERAL_CONVERSION = YES;
				CLANG_WARN_OBJC_ROOT_CLASS = YES_ERROR;
				CLANG_WARN_QUOTED_INCLUDE_IN_FRAMEWORK_HEADER = YES;
				CLANG_WARN_RANGE_LOOP_ANALYSIS = YES;
				CLANG_WARN_STRICT_PROTOTYPES = YES;
				CLANG_WARN_SUSPICIOUS_MOVE = YES;
				CLANG_WARN_UNGUARDED_AVAILABILITY = YES_AGGRESSIVE;
				CLANG_WARN_UNREACHABLE_CODE = YES;
				CLANG_WARN__DUPLICATE_METHOD_MATCH = YES;
				COPY_PHASE_STRIP = NO;
				DEBUG_INFORMATION_FORMAT = "dwarf-with-dsym";
				ENABLE_NS_ASSERTIONS = NO;
				ENABLE_STRICT_OBJC_MSGSEND = YES;
				ENABLE_USER_SCRIPT_SANDBOXING = YES;
				GCC_C_LANGUAGE_STANDARD = gnu17;
				GCC_NO_COMMON_BLOCKS = YES;
				GCC_WARN_64_TO_32_BIT_CONVERSION = YES;
				GCC_WARN_ABOUT_RETURN_TYPE = YES_ERROR;
				GCC_WARN_UNDECLARED_SELECTOR = YES;
				GCC_WARN_UNINITIALIZED_AUTOS = YES_AGGRESSIVE;
				GCC_WARN_UNUSED_FUNCTION = YES;
				GCC_WARN_UNUSED_VARIABLE = YES;
				IPHONEOS_DEPLOYMENT_TARGET = 17.0;
				LOCALIZATION_PREFERS_STRING_CATALOGS = YES;
				MTL_ENABLE_DEBUG_INFO = NO;
				MTL_FAST_MATH = YES;
				SDKROOT = iphoneos;
				SWIFT_COMPILATION_MODE = wholemodule;
				VALIDATE_PRODUCT = YES;
			};
			name = Release;
		};
		048440142AE7AB4600A19AA8 /* Debug */ = {
			isa = XCBuildConfiguration;
			buildSettings = {
				ASSETCATALOG_COMPILER_APPICON_NAME = AppIcon;
				ASSETCATALOG_COMPILER_GLOBAL_ACCENT_COLOR_NAME = AccentColor;
				CODE_SIGN_STYLE = Automatic;
				CURRENT_PROJECT_VERSION = 1;
				DEVELOPMENT_ASSET_PATHS = "\"Learning-UI/Preview Content\"";
				DEVELOPMENT_TEAM = X49N5BHN65;
				ENABLE_PREVIEWS = YES;
				GENERATE_INFOPLIST_FILE = YES;
				INFOPLIST_KEY_UIApplicationSceneManifest_Generation = YES;
				INFOPLIST_KEY_UIApplicationSupportsIndirectInputEvents = YES;
				INFOPLIST_KEY_UILaunchScreen_Generation = YES;
				INFOPLIST_KEY_UISupportedInterfaceOrientations_iPad = "UIInterfaceOrientationPortrait UIInterfaceOrientationPortraitUpsideDown UIInterfaceOrientationLandscapeLeft UIInterfaceOrientationLandscapeRight";
				INFOPLIST_KEY_UISupportedInterfaceOrientations_iPhone = "UIInterfaceOrientationPortrait UIInterfaceOrientationLandscapeLeft UIInterfaceOrientationLandscapeRight";
				LD_RUNPATH_SEARCH_PATHS = (
					"$(inherited)",
					"@executable_path/Frameworks",
				);
				MARKETING_VERSION = 1.0;
				PRODUCT_BUNDLE_IDENTIFIER = "demo.Learning-UI";
				PRODUCT_NAME = "$(TARGET_NAME)";
				SWIFT_EMIT_LOC_STRINGS = YES;
				SWIFT_VERSION = 5.0;
				TARGETED_DEVICE_FAMILY = "1,2";
			};
			name = Debug;
		};
		048440152AE7AB4600A19AA8 /* Release */ = {
			isa = XCBuildConfiguration;
			buildSettings = {
				ASSETCATALOG_COMPILER_APPICON_NAME = AppIcon;
				ASSETCATALOG_COMPILER_GLOBAL_ACCENT_COLOR_NAME = AccentColor;
				CODE_SIGN_STYLE = Automatic;
				CURRENT_PROJECT_VERSION = 1;
				DEVELOPMENT_ASSET_PATHS = "\"Learning-UI/Preview Content\"";
				DEVELOPMENT_TEAM = X49N5BHN65;
				ENABLE_PREVIEWS = YES;
				GENERATE_INFOPLIST_FILE = YES;
				INFOPLIST_KEY_UIApplicationSceneManifest_Generation = YES;
				INFOPLIST_KEY_UIApplicationSupportsIndirectInputEvents = YES;
				INFOPLIST_KEY_UILaunchScreen_Generation = YES;
				INFOPLIST_KEY_UISupportedInterfaceOrientations_iPad = "UIInterfaceOrientationPortrait UIInterfaceOrientationPortraitUpsideDown UIInterfaceOrientationLandscapeLeft UIInterfaceOrientationLandscapeRight";
				INFOPLIST_KEY_UISupportedInterfaceOrientations_iPhone = "UIInterfaceOrientationPortrait UIInterfaceOrientationLandscapeLeft UIInterfaceOrientationLandscapeRight";
				LD_RUNPATH_SEARCH_PATHS = (
					"$(inherited)",
					"@executable_path/Frameworks",
				);
				MARKETING_VERSION = 1.0;
				PRODUCT_BUNDLE_IDENTIFIER = "demo.Learning-UI";
				PRODUCT_NAME = "$(TARGET_NAME)";
				SWIFT_EMIT_LOC_STRINGS = YES;
				SWIFT_VERSION = 5.0;
				TARGETED_DEVICE_FAMILY = "1,2";
			};
			name = Release;
		};
/* End XCBuildConfiguration section */

/* Begin XCConfigurationList section */
		048440002AE7AB4400A19AA8 /* Build configuration list for PBXProject "Learning-UI" */ = {
			isa = XCConfigurationList;
			buildConfigurations = (
				048440112AE7AB4600A19AA8 /* Debug */,
				048440122AE7AB4600A19AA8 /* Release */,
			);
			defaultConfigurationIsVisible = 0;
			defaultConfigurationName = Release;
		};
		048440132AE7AB4600A19AA8 /* Build configuration list for PBXNativeTarget "Learning-UI" */ = {
			isa = XCConfigurationList;
			buildConfigurations = (
				048440142AE7AB4600A19AA8 /* Debug */,
				048440152AE7AB4600A19AA8 /* Release */,
			);
			defaultConfigurationIsVisible = 0;
			defaultConfigurationName = Release;
		};
/* End XCConfigurationList section */
	};
	rootObject = 04843FFD2AE7AB4400A19AA8 /* Project object */;
}
